
Microsoft Visual Studio Solution File, Format Version 12.00
# Visual Studio Version 17
VisualStudioVersion = 17.11.35222.181
MinimumVisualStudioVersion = 10.0.40219.1
Project("{FAE04EC0-301F-11D3-BF4B-00C04F79EFBC}") = "YumBlazor", "YumBlazor.csproj", "{1D43209F-7470-431B-A7D9-A4EBD12C8705}"
EndProject
Global
	GlobalSection(SolutionConfigurationPlatforms) = preSolution
		Debug|Any CPU = Debug|Any CPU
		Release|Any CPU = Release|Any CPU
	EndGlobalSection
	GlobalSection(ProjectConfigurationPlatforms) = postSolution
		{1D43209F-7470-431B-A7D9-A4EBD12C8705}.Debug|Any CPU.ActiveCfg = Debug|Any CPU
		{1D43209F-7470-431B-A7D9-A4EBD12C8705}.Debug|Any CPU.Build.0 = Debug|Any CPU
		{1D43209F-7470-431B-A7D9-A4EBD12C8705}.Release|Any CPU.ActiveCfg = Release|Any CPU
		{1D43209F-7470-431B-A7D9-A4EBD12C8705}.Release|Any CPU.Build.0 = Release|Any CPU
	EndGlobalSection
	GlobalSection(SolutionProperties) = preSolution
		HideSolutionNode = FALSE
	EndGlobalSection
	GlobalSection(ExtensibilityGlobals) = postSolution
		SolutionGuid = {C773FCB9-1580-421C-B253-BA8AACA0B19E}
	EndGlobalSection
EndGlobal
